lockfileVersion: '9.0'

settings:
  autoInstallPeers: true
  excludeLinksFromLockfile: false

importers:

  .:
    devDependencies:
      '@devcontainers/cli':
        specifier: 0.86.0
        version: 0.86.0

packages:

  '@devcontainers/cli@0.86.0':
    resolution: {integrity: sha512-xfc1pc1wYrPkRpFi3bsYKz2F8VGiPVwISe11I6Tl2o0gqDB2LCMI6yT5mmZ+8v2e5ff+x/lbHIVCEThoLJJS8Q==}
    engines: {node: '>=20.0.0'}
    hasBin: true

snapshots:

  '@devcontainers/cli@0.86.0': {}
