lockfileVersion: '9.0'

settings:
  autoInstallPeers: true
  excludeLinksFromLockfile: false

importers:

  .:
    devDependencies:
      '@devcontainers/cli':
        specifier: 0.84.0
        version: 0.84.0

packages:

  '@devcontainers/cli@0.84.0':
    resolution: {integrity: sha512-zAG9Kvj8qH6bAvReYTO5ZtDUHNr6OEsUqXxK1L1856XZN6c2RVV7aSAp/qIADGqqe0poqPr+ighFlvui2CH2LQ==}
    engines: {node: '>=20.0.0'}
    hasBin: true

snapshots:

  '@devcontainers/cli@0.84.0': {}
